// !$*UTF8*$!
{
	archiveVersion = 1;
	classes = {
	};
	objectVersion = 46;
	objects = {

/* Begin PBXBuildFile section */
		DA0227F11D33069A00AA5A99 /* AppDelegate.swift in Sources */ = {isa = PBXBuildFile; fileRef = DA0227F01D33069A00AA5A99 /* AppDelegate.swift */; };
		DA0227F31D33069A00AA5A99 /* ViewController.swift in Sources */ = {isa = PBXBuildFile; fileRef = DA0227F21D33069A00AA5A99 /* ViewController.swift */; };
		DA0227F61D33069A00AA5A99 /* Main.storyboard in Resources */ = {isa = PBXBuildFile; fileRef = DA0227F41D33069A00AA5A99 /* Main.storyboard */; };
		DA0227F91D33069A00AA5A99 /* Dating_App.xcdatamodeld in Sources */ = {isa = PBXBuildFile; fileRef = DA0227F71D33069A00AA5A99 /* Dating_App.xcdatamodeld */; };
		DA0227FB1D33069A00AA5A99 /* Assets.xcassets in Resources */ = {isa = PBXBuildFile; fileRef = DA0227FA1D33069A00AA5A99 /* Assets.xcassets */; };
		DA0227FE1D33069A00AA5A99 /* LaunchScreen.storyboard in Resources */ = {isa = PBXBuildFile; fileRef = DA0227FC1D33069A00AA5A99 /* LaunchScreen.storyboard */; };
		DA0228091D33069A00AA5A99 /* Dating_AppTests.swift in Sources */ = {isa = PBXBuildFile; fileRef = DA0228081D33069A00AA5A99 /* Dating_AppTests.swift */; };
		DA0228141D33069A00AA5A99 /* Dating_AppUITests.swift in Sources */ = {isa = PBXBuildFile; fileRef = DA0228131D33069A00AA5A99 /* Dating_AppUITests.swift */; };
/* End PBXBuildFile section */

/* Begin PBXContainerItemProxy section */
		DA0228051D33069A00AA5A99 /* PBXContainerItemProxy */ = {
			isa = PBXContainerItemProxy;
			containerPortal = DA0227E51D33069900AA5A99 /* Project object */;
			proxyType = 1;
			remoteGlobalIDString = DA0227EC1D33069900AA5A99;
			remoteInfo = "Dating App";
		};
		DA0228101D33069A00AA5A99 /* PBXContainerItemProxy */ = {
			isa = PBXContainerItemProxy;
			containerPortal = DA0227E51D33069900AA5A99 /* Project object */;
			proxyType = 1;
			remoteGlobalIDString = DA0227EC1D33069900AA5A99;
			remoteInfo = "Dating App";
		};
/* End PBXContainerItemProxy section */

/* Begin PBXFileReference section */
		DA0227ED1D33069900AA5A99 /* Dating App.app */ = {isa = PBXFileReference; explicitFileType = wrapper.application; includeInIndex = 0; path = "Dating App.app"; sourceTree = BUILT_PRODUCTS_DIR; };
		DA0227F01D33069A00AA5A99 /* AppDelegate.swift */ = {isa = PBXFileReference; lastKnownFileType = sourcecode.swift; path = AppDelegate.swift; sourceTree = "<group>"; };
		DA0227F21D33069A00AA5A99 /* ViewController.swift */ = {isa = PBXFileReference; lastKnownFileType = sourcecode.swift; path = ViewController.swift; sourceTree = "<group>"; };
		DA0227F51D33069A00AA5A99 /* Base */ = {isa = PBXFileReference; lastKnownFileType = file.storyboard; name = Base; path = Base.lproj/Main.storyboard; sourceTree = "<group>"; };
		DA0227F81D33069A00AA5A99 /* Dating_App.xcdatamodel */ = {isa = PBXFileReference; lastKnownFileType = wrapper.xcdatamodel; path = Dating_App.xcdatamodel; sourceTree = "<group>"; };
		DA0227FA1D33069A00AA5A99 /* Assets.xcassets */ = {isa = PBXFileReference; lastKnownFileType = folder.assetcatalog; path = Assets.xcassets; sourceTree = "<group>"; };
		DA0227FD1D33069A00AA5A99 /* Base */ = {isa = PBXFileReference; lastKnownFileType = file.storyboard; name = Base; path = Base.lproj/LaunchScreen.storyboard; sourceTree = "<group>"; };
		DA0227FF1D33069A00AA5A99 /* Info.plist */ = {isa = PBXFileReference; lastKnownFileType = text.plist.xml; path = Info.plist; sourceTree = "<group>"; };
		DA0228041D33069A00AA5A99 /* Dating AppTests.xctest */ = {isa = PBXFileReference; explicitFileType = wrapper.cfbundle; includeInIndex = 0; path = "Dating AppTests.xctest"; sourceTree = BUILT_PRODUCTS_DIR; };
		DA0228081D33069A00AA5A99 /* Dating_AppTests.swift */ = {isa = PBXFileReference; lastKnownFileType = sourcecode.swift; path = Dating_AppTests.swift; sourceTree = "<group>"; };
		DA02280A1D33069A00AA5A99 /* Info.plist */ = {isa = PBXFileReference; lastKnownFileType = text.plist.xml; path = Info.plist; sourceTree = "<group>"; };
		DA02280F1D33069A00AA5A99 /* Dating AppUITests.xctest */ = {isa = PBXFileReference; explicitFileType = wrapper.cfbundle; includeInIndex = 0; path = "Dating AppUITests.xctest"; sourceTree = BUILT_PRODUCTS_DIR; };
		DA0228131D33069A00AA5A99 /* Dating_AppUITests.swift */ = {isa = PBXFileReference; lastKnownFileType = sourcecode.swift; path = Dating_AppUITests.swift; sourceTree = "<group>"; };
		DA0228151D33069A00AA5A99 /* Info.plist */ = {isa = PBXFileReference; lastKnownFileType = text.plist.xml; path = Info.plist; sourceTree = "<group>"; };
/* End PBXFileReference section */

/* Begin PBXFrameworksBuildPhase section */
		DA0227EA1D33069900AA5A99 /* Frameworks */ = {
			isa = PBXFrameworksBuildPhase;
			buildActionMask = 2147483647;
			files = (
			);
			runOnlyForDeploymentPostprocessing = 0;
		};
		DA0228011D33069A00AA5A99 /* Frameworks */ = {
			isa = PBXFrameworksBuildPhase;
			buildActionMask = 2147483647;
			files = (
			);
			runOnlyForDeploymentPostprocessing = 0;
		};
		DA02280C1D33069A00AA5A99 /* Frameworks */ = {
			isa = PBXFrameworksBuildPhase;
			buildActionMask = 2147483647;
			files = (
			);
			runOnlyForDeploymentPostprocessing = 0;
		};
/* End PBXFrameworksBuildPhase section */

/* Begin PBXGroup section */
		DA0227E41D33069900AA5A99 = {
			isa = PBXGroup;
			children = (
				DA0227EF1D33069A00AA5A99 /* Dating App */,
				DA0228071D33069A00AA5A99 /* Dating AppTests */,
				DA0228121D33069A00AA5A99 /* Dating AppUITests */,
				DA0227EE1D33069900AA5A99 /* Products */,
			);
			sourceTree = "<group>";
		};
		DA0227EE1D33069900AA5A99 /* Products */ = {
			isa = PBXGroup;
			children = (
				DA0227ED1D33069900AA5A99 /* Dating App.app */,
				DA0228041D33069A00AA5A99 /* Dating AppTests.xctest */,
				DA02280F1D33069A00AA5A99 /* Dating AppUITests.xctest */,
			);
			name = Products;
			sourceTree = "<group>";
		};
		DA0227EF1D33069A00AA5A99 /* Dating App */ = {
			isa = PBXGroup;
			children = (
				DA0227F01D33069A00AA5A99 /* AppDelegate.swift */,
				DA0227F21D33069A00AA5A99 /* ViewController.swift */,
				DA0227F41D33069A00AA5A99 /* Main.storyboard */,
				DA0227FA1D33069A00AA5A99 /* Assets.xcassets */,
				DA0227FC1D33069A00AA5A99 /* LaunchScreen.storyboard */,
				DA0227FF1D33069A00AA5A99 /* Info.plist */,
				DA0227F71D33069A00AA5A99 /* Dating_App.xcdatamodeld */,
			);
			path = "Dating App";
			sourceTree = "<group>";
		};
		DA0228071D33069A00AA5A99 /* Dating AppTests */ = {
			isa = PBXGroup;
			children = (
				DA0228081D33069A00AA5A99 /* Dating_AppTests.swift */,
				DA02280A1D33069A00AA5A99 /* Info.plist */,
			);
			path = "Dating AppTests";
			sourceTree = "<group>";
		};
		DA0228121D33069A00AA5A99 /* Dating AppUITests */ = {
			isa = PBXGroup;
			children = (
				DA0228131D33069A00AA5A99 /* Dating_AppUITests.swift */,
				DA0228151D33069A00AA5A99 /* Info.plist */,
			);
			path = "Dating AppUITests";
			sourceTree = "<group>";
		};
/* End PBXGroup section */

/* Begin PBXNativeTarget section */
		DA0227EC1D33069900AA5A99 /* Dating App */ = {
			isa = PBXNativeTarget;
			buildConfigurationList = DA0228181D33069A00AA5A99 /* Build configuration list for PBXNativeTarget "Dating App" */;
			buildPhases = (
				DA0227E91D33069900AA5A99 /* Sources */,
				DA0227EA1D33069900AA5A99 /* Frameworks */,
				DA0227EB1D33069900AA5A99 /* Resources */,
			);
			buildRules = (
			);
			dependencies = (
			);
			name = "Dating App";
			productName = "Dating App";
			productReference = DA0227ED1D33069900AA5A99 /* Dating App.app */;
			productType = "com.apple.product-type.application";
		};
		DA0228031D33069A00AA5A99 /* Dating AppTests */ = {
			isa = PBXNativeTarget;
			buildConfigurationList = DA02281B1D33069A00AA5A99 /* Build configuration list for PBXNativeTarget "Dating AppTests" */;
			buildPhases = (
				DA0228001D33069A00AA5A99 /* Sources */,
				DA0228011D33069A00AA5A99 /* Frameworks */,
				DA0228021D33069A00AA5A99 /* Resources */,
			);
			buildRules = (
			);
			dependencies = (
				DA0228061D33069A00AA5A99 /* PBXTargetDependency */,
			);
			name = "Dating AppTests";
			productName = "Dating AppTests";
			productReference = DA0228041D33069A00AA5A99 /* Dating AppTests.xctest */;
			productType = "com.apple.product-type.bundle.unit-test";
		};
		DA02280E1D33069A00AA5A99 /* Dating AppUITests */ = {
			isa = PBXNativeTarget;
			buildConfigurationList = DA02281E1D33069A00AA5A99 /* Build configuration list for PBXNativeTarget "Dating AppUITests" */;
			buildPhases = (
				DA02280B1D33069A00AA5A99 /* Sources */,
				DA02280C1D33069A00AA5A99 /* Frameworks */,
				DA02280D1D33069A00AA5A99 /* Resources */,
			);
			buildRules = (
			);
			dependencies = (
				DA0228111D33069A00AA5A99 /* PBXTargetDependency */,
			);
			name = "Dating AppUITests";
			productName = "Dating AppUITests";
			productReference = DA02280F1D33069A00AA5A99 /* Dating AppUITests.xctest */;
			productType = "com.apple.product-type.bundle.ui-testing";
		};
/* End PBXNativeTarget section */

/* Begin PBXProject section */
		DA0227E51D33069900AA5A99 /* Project object */ = {
			isa = PBXProject;
			attributes = {
				LastSwiftUpdateCheck = 0730;
				LastUpgradeCheck = 0730;
				ORGANIZATIONNAME = Harloch;
				TargetAttributes = {
					DA0227EC1D33069900AA5A99 = {
						CreatedOnToolsVersion = 7.3.1;
					};
					DA0228031D33069A00AA5A99 = {
						CreatedOnToolsVersion = 7.3.1;
						TestTargetID = DA0227EC1D33069900AA5A99;
					};
					DA02280E1D33069A00AA5A99 = {
						CreatedOnToolsVersion = 7.3.1;
						TestTargetID = DA0227EC1D33069900AA5A99;
					};
				};
			};
			buildConfigurationList = DA0227E81D33069900AA5A99 /* Build configuration list for PBXProject "Dating App" */;
			compatibilityVersion = "Xcode 3.2";
			developmentRegion = English;
			hasScannedForEncodings = 0;
			knownRegions = (
				en,
				Base,
			);
			mainGroup = DA0227E41D33069900AA5A99;
			productRefGroup = DA0227EE1D33069900AA5A99 /* Products */;
			projectDirPath = "";
			projectRoot = "";
			targets = (
				DA0227EC1D33069900AA5A99 /* Dating App */,
				DA0228031D33069A00AA5A99 /* Dating AppTests */,
				DA02280E1D33069A00AA5A99 /* Dating AppUITests */,
			);
		};
/* End PBXProject section */

/* Begin PBXResourcesBuildPhase section */
		DA0227EB1D33069900AA5A99 /* Resources */ = {
			isa = PBXResourcesBuildPhase;
			buildActionMask = 2147483647;
			files = (
				DA0227FE1D33069A00AA5A99 /* LaunchScreen.storyboard in Resources */,
				DA0227FB1D33069A00AA5A99 /* Assets.xcassets in Resources */,
				DA0227F61D33069A00AA5A99 /* Main.storyboard in Resources */,
			);
			runOnlyForDeploymentPostprocessing = 0;
		};
		DA0228021D33069A00AA5A99 /* Resources */ = {
			isa = PBXResourcesBuildPhase;
			buildActionMask = 2147483647;
			files = (
			);
			runOnlyForDeploymentPostprocessing = 0;
		};
		DA02280D1D33069A00AA5A99 /* Resources */ = {
			isa = PBXResourcesBuildPhase;
			buildActionMask = 2147483647;
			files = (
			);
			runOnlyForDeploymentPostprocessing = 0;
		};
/* End PBXResourcesBuildPhase section */

/* Begin PBXSourcesBuildPhase section */
		DA0227E91D33069900AA5A99 /* Sources */ = {
			isa = PBXSourcesBuildPhase;
			buildActionMask = 2147483647;
			files = (
				DA0227F31D33069A00AA5A99 /* ViewController.swift in Sources */,
				DA0227F91D33069A00AA5A99 /* Dating_App.xcdatamodeld in Sources */,
				DA0227F11D33069A00AA5A99 /* AppDelegate.swift in Sources */,
			);
			runOnlyForDeploymentPostprocessing = 0;
		};
		DA0228001D33069A00AA5A99 /* Sources */ = {
			isa = PBXSourcesBuildPhase;
			buildActionMask = 2147483647;
			files = (
				DA0228091D33069A00AA5A99 /* Dating_AppTests.swift in Sources */,
			);
			runOnlyForDeploymentPostprocessing = 0;
		};
		DA02280B1D33069A00AA5A99 /* Sources */ = {
			isa = PBXSourcesBuildPhase;
			buildActionMask = 2147483647;
			files = (
				DA0228141D33069A00AA5A99 /* Dating_AppUITests.swift in Sources */,
			);
			runOnlyForDeploymentPostprocessing = 0;
		};
/* End PBXSourcesBuildPhase section */

/* Begin PBXTargetDependency section */
		DA0228061D33069A00AA5A99 /* PBXTargetDependency */ = {
			isa = PBXTargetDependency;
			target = DA0227EC1D33069900AA5A99 /* Dating App */;
			targetProxy = DA0228051D33069A00AA5A99 /* PBXContainerItemProxy */;
		};
		DA0228111D33069A00AA5A99 /* PBXTargetDependency */ = {
			isa = PBXTargetDependency;
			target = DA0227EC1D33069900AA5A99 /* Dating App */;
			targetProxy = DA0228101D33069A00AA5A99 /* PBXContainerItemProxy */;
		};
/* End PBXTargetDependency section */

/* Begin PBXVariantGroup section */
		DA0227F41D33069A00AA5A99 /* Main.storyboard */ = {
			isa = PBXVariantGroup;
			children = (
				DA0227F51D33069A00AA5A99 /* Base */,
			);
			name = Main.storyboard;
			sourceTree = "<group>";
		};
		DA0227FC1D33069A00AA5A99 /* LaunchScreen.storyboard */ = {
			isa = PBXVariantGroup;
			children = (
				DA0227FD1D33069A00AA5A99 /* Base */,
			);
			name = LaunchScreen.storyboard;
			sourceTree = "<group>";
		};
/* End PBXVariantGroup section */

/* Begin XCBuildConfiguration section */
		DA0228161D33069A00AA5A99 /* Debug */ = {
			isa = XCBuildConfiguration;
			buildSettings = {
				ALWAYS_SEARCH_USER_PATHS = NO;
				CLANG_ANALYZER_NONNULL = YES;
				CLANG_CXX_LANGUAGE_STANDARD = "gnu++0x";
				CLANG_CXX_LIBRARY = "libc++";
				CLANG_ENABLE_MODULES = YES;
				CLANG_ENABLE_OBJC_ARC = YES;
				CLANG_WARN_BOOL_CONVERSION = YES;
				CLANG_WARN_CONSTANT_CONVERSION = YES;
				CLANG_WARN_DIRECT_OBJC_ISA_USAGE = YES_ERROR;
				CLANG_WARN_EMPTY_BODY = YES;
				CLANG_WARN_ENUM_CONVERSION = YES;
				CLANG_WARN_INT_CONVERSION = YES;
				CLANG_WARN_OBJC_ROOT_CLASS = YES_ERROR;
				CLANG_WARN_UNREACHABLE_CODE = YES;
				CLANG_WARN__DUPLICATE_METHOD_MATCH = YES;
				"CODE_SIGN_IDENTITY[sdk=iphoneos*]" = "iPhone Developer";
				COPY_PHASE_STRIP = NO;
				DEBUG_INFORMATION_FORMAT = dwarf;
				ENABLE_STRICT_OBJC_MSGSEND = YES;
				ENABLE_TESTABILITY = YES;
				GCC_C_LANGUAGE_STANDARD = gnu99;
				GCC_DYNAMIC_NO_PIC = NO;
				GCC_NO_COMMON_BLOCKS = YES;
				GCC_OPTIMIZATION_LEVEL = 0;
				GCC_PREPROCESSOR_DEFINITIONS = (
					"DEBUG=1",
					"$(inherited)",
				);
				GCC_WARN_64_TO_32_BIT_CONVERSION = YES;
				GCC_WARN_ABOUT_RETURN_TYPE = YES_ERROR;
				GCC_WARN_UNDECLARED_SELECTOR = YES;
				GCC_WARN_UNINITIALIZED_AUTOS = YES_AGGRESSIVE;
				GCC_WARN_UNUSED_FUNCTION = YES;
				GCC_WARN_UNUSED_VARIABLE = YES;
				IPHONEOS_DEPLOYMENT_TARGET = 9.3;
				MTL_ENABLE_DEBUG_INFO = YES;
				ONLY_ACTIVE_ARCH = YES;
				SDKROOT = iphoneos;
				SWIFT_OPTIMIZATION_LEVEL = "-Onone";
			};
			name = Debug;
		};
		DA0228171D33069A00AA5A99 /* Release */ = {
			isa = XCBuildConfiguration;
			buildSettings = {
				ALWAYS_SEARCH_USER_PATHS = NO;
				CLANG_ANALYZER_NONNULL = YES;
				CLANG_CXX_LANGUAGE_STANDARD = "gnu++0x";
				CLANG_CXX_LIBRARY = "libc++";
				CLANG_ENABLE_MODULES = YES;
				CLANG_ENABLE_OBJC_ARC = YES;
				CLANG_WARN_BOOL_CONVERSION = YES;
				CLANG_WARN_CONSTANT_CONVERSION = YES;
				CLANG_WARN_DIRECT_OBJC_ISA_USAGE = YES_ERROR;
				CLANG_WARN_EMPTY_BODY = YES;
				CLANG_WARN_ENUM_CONVERSION = YES;
				CLANG_WARN_INT_CONVERSION = YES;
				CLANG_WARN_OBJC_ROOT_CLASS = YES_ERROR;
				CLANG_WARN_UNREACHABLE_CODE = YES;
				CLANG_WARN__DUPLICATE_METHOD_MATCH = YES;
				"CODE_SIGN_IDENTITY[sdk=iphoneos*]" = "iPhone Developer";
				COPY_PHASE_STRIP = NO;
				DEBUG_INFORMATION_FORMAT = "dwarf-with-dsym";
				ENABLE_NS_ASSERTIONS = NO;
				ENABLE_STRICT_OBJC_MSGSEND = YES;
				GCC_C_LANGUAGE_STANDARD = gnu99;
				GCC_NO_COMMON_BLOCKS = YES;
				GCC_WARN_64_TO_32_BIT_CONVERSION = YES;
				GCC_WARN_ABOUT_RETURN_TYPE = YES_ERROR;
				GCC_WARN_UNDECLARED_SELECTOR = YES;
				GCC_WARN_UNINITIALIZED_AUTOS = YES_AGGRESSIVE;
				GCC_WARN_UNUSED_FUNCTION = YES;
				GCC_WARN_UNUSED_VARIABLE = YES;
				IPHONEOS_DEPLOYMENT_TARGET = 9.3;
				MTL_ENABLE_DEBUG_INFO = NO;
				SDKROOT = iphoneos;
				VALIDATE_PRODUCT = YES;
			};
			name = Release;
		};
		DA0228191D33069A00AA5A99 /* Debug */ = {
			isa = XCBuildConfiguration;
			buildSettings = {
				ASSETCATALOG_COMPILER_APPICON_NAME = AppIcon;
				INFOPLIST_FILE = "Dating App/Info.plist";
				LD_RUNPATH_SEARCH_PATHS = "$(inherited) @executable_path/Frameworks";
				PRODUCT_BUNDLE_IDENTIFIER = "com.harloch.Dating-App";
				PRODUCT_NAME = "$(TARGET_NAME)";
			};
			name = Debug;
		};
		DA02281A1D33069A00AA5A99 /* Release */ = {
			isa = XCBuildConfiguration;
			buildSettings = {
				ASSETCATALOG_COMPILER_APPICON_NAME = AppIcon;
				INFOPLIST_FILE = "Dating App/Info.plist";
				LD_RUNPATH_SEARCH_PATHS = "$(inherited) @executable_path/Frameworks";
				PRODUCT_BUNDLE_IDENTIFIER = "com.harloch.Dating-App";
				PRODUCT_NAME = "$(TARGET_NAME)";
			};
			name = Release;
		};
		DA02281C1D33069A00AA5A99 /* Debug */ = {
			isa = XCBuildConfiguration;
			buildSettings = {
				BUNDLE_LOADER = "$(TEST_HOST)";
				INFOPLIST_FILE = "Dating AppTests/Info.plist";
				LD_RUNPATH_SEARCH_PATHS = "$(inherited) @executable_path/Frameworks @loader_path/Frameworks";
				PRODUCT_BUNDLE_IDENTIFIER = "com.harloch.Dating-AppTests";
				PRODUCT_NAME = "$(TARGET_NAME)";
				TEST_HOST = "$(BUILT_PRODUCTS_DIR)/Dating App.app/Dating App";
			};
			name = Debug;
		};
		DA02281D1D33069A00AA5A99 /* Release */ = {
			isa = XCBuildConfiguration;
			buildSettings = {
				BUNDLE_LOADER = "$(TEST_HOST)";
				INFOPLIST_FILE = "Dating AppTests/Info.plist";
				LD_RUNPATH_SEARCH_PATHS = "$(inherited) @executable_path/Frameworks @loader_path/Frameworks";
				PRODUCT_BUNDLE_IDENTIFIER = "com.harloch.Dating-AppTests";
				PRODUCT_NAME = "$(TARGET_NAME)";
				TEST_HOST = "$(BUILT_PRODUCTS_DIR)/Dating App.app/Dating App";
			};
			name = Release;
		};
		DA02281F1D33069A00AA5A99 /* Debug */ = {
			isa = XCBuildConfiguration;
			buildSettings = {
				INFOPLIST_FILE = "Dating AppUITests/Info.plist";
				LD_RUNPATH_SEARCH_PATHS = "$(inherited) @executable_path/Frameworks @loader_path/Frameworks";
				PRODUCT_BUNDLE_IDENTIFIER = "com.harloch.Dating-AppUITests";
				PRODUCT_NAME = "$(TARGET_NAME)";
				TEST_TARGET_NAME = "Dating App";
			};
			name = Debug;
		};
		DA0228201D33069A00AA5A99 /* Release */ = {
			isa = XCBuildConfiguration;
			buildSettings = {
				INFOPLIST_FILE = "Dating AppUITests/Info.plist";
				LD_RUNPATH_SEARCH_PATHS = "$(inherited) @executable_path/Frameworks @loader_path/Frameworks";
				PRODUCT_BUNDLE_IDENTIFIER = "com.harloch.Dating-AppUITests";
				PRODUCT_NAME = "$(TARGET_NAME)";
				TEST_TARGET_NAME = "Dating App";
			};
			name = Release;
		};
/* End XCBuildConfiguration section */

/* Begin XCConfigurationList section */
		DA0227E81D33069900AA5A99 /* Build configuration list for PBXProject "Dating App" */ = {
			isa = XCConfigurationList;
			buildConfigurations = (
				DA0228161D33069A00AA5A99 /* Debug */,
				DA0228171D33069A00AA5A99 /* Release */,
			);
			defaultConfigurationIsVisible = 0;
			defaultConfigurationName = Release;
		};
		DA0228181D33069A00AA5A99 /* Build configuration list for PBXNativeTarget "Dating App" */ = {
			isa = XCConfigurationList;
			buildConfigurations = (
				DA0228191D33069A00AA5A99 /* Debug */,
				DA02281A1D33069A00AA5A99 /* Release */,
			);
			defaultConfigurationIsVisible = 0;
		};
		DA02281B1D33069A00AA5A99 /* Build configuration list for PBXNativeTarget "Dating AppTests" */ = {
			isa = XCConfigurationList;
			buildConfigurations = (
				DA02281C1D33069A00AA5A99 /* Debug */,
				DA02281D1D33069A00AA5A99 /* Release */,
			);
			defaultConfigurationIsVisible = 0;
		};
		DA02281E1D33069A00AA5A99 /* Build configuration list for PBXNativeTarget "Dating AppUITests" */ = {
			isa = XCConfigurationList;
			buildConfigurations = (
				DA02281F1D33069A00AA5A99 /* Debug */,
				DA0228201D33069A00AA5A99 /* Release */,
			);
			defaultConfigurationIsVisible = 0;
		};
/* End XCConfigurationList section */

/* Begin XCVersionGroup section */
		DA0227F71D33069A00AA5A99 /* Dating_App.xcdatamodeld */ = {
			isa = XCVersionGroup;
			children = (
				DA0227F81D33069A00AA5A99 /* Dating_App.xcdatamodel */,
			);
			currentVersion = DA0227F81D33069A00AA5A99 /* Dating_App.xcdatamodel */;
			path = Dating_App.xcdatamodeld;
			sourceTree = "<group>";
			versionGroupType = wrapper.xcdatamodel;
		};
/* End XCVersionGroup section */
	};
	rootObject = DA0227E51D33069900AA5A99 /* Project object */;
}
